
Microsoft Visual Studio Solution File, Format Version 12.00
# Visual Studio Version 17
VisualStudioVersion = 17.13.36105.23
MinimumVisualStudioVersion = 10.0.40219.1
Project("{FAE04EC0-301F-11D3-BF4B-00C04F79EFBC}") = "Most Reliable Path", "Most Reliable Path\Most Reliable Path.csproj", "{E02642D3-61BA-4047-A6BF-5A8FD8F69B94}"
EndProject
Project("{FAE04EC0-301F-11D3-BF4B-00C04F79EFBC}") = "Cheap Town Tour", "2. Cheap Town Tour\Cheap Town Tour.csproj", "{9F81AFC7-6A5F-4F76-9433-77BFF0A5D68F}"
EndProject
Project("{FAE04EC0-301F-11D3-BF4B-00C04F79EFBC}") = "Undefined", "Undefined\Undefined.csproj", "{7C2EAA98-E6FB-4F01-8944-FE54DFB1DAD7}"
EndProject
Project("{FAE04EC0-301F-11D3-BF4B-00C04F79EFBC}") = "Big Trip", "Big Trip\Big Trip.csproj", "{620A9E95-FF7C-42E2-AB18-3433DE0A8DEC}"
EndProject
Project("{FAE04EC0-301F-11D3-BF4B-00C04F79EFBC}") = "Cable Network", "Cable Network\Cable Network.csproj", "{F9A5E888-4AE5-4B73-B4AB-77233E0F0EE3}"
EndProject
Global
	GlobalSection(SolutionConfigurationPlatforms) = preSolution
		Debug|Any CPU = Debug|Any CPU
		Release|Any CPU = Release|Any CPU
	EndGlobalSection
	GlobalSection(ProjectConfigurationPlatforms) = postSolution
		{E02642D3-61BA-4047-A6BF-5A8FD8F69B94}.Debug|Any CPU.ActiveCfg = Debug|Any CPU
		{E02642D3-61BA-4047-A6BF-5A8FD8F69B94}.Debug|Any CPU.Build.0 = Debug|Any CPU
		{E02642D3-61BA-4047-A6BF-5A8FD8F69B94}.Release|Any CPU.ActiveCfg = Release|Any CPU
		{E02642D3-61BA-4047-A6BF-5A8FD8F69B94}.Release|Any CPU.Build.0 = Release|Any CPU
		{9F81AFC7-6A5F-4F76-9433-77BFF0A5D68F}.Debug|Any CPU.ActiveCfg = Debug|Any CPU
		{9F81AFC7-6A5F-4F76-9433-77BFF0A5D68F}.Debug|Any CPU.Build.0 = Debug|Any CPU
		{9F81AFC7-6A5F-4F76-9433-77BFF0A5D68F}.Release|Any CPU.ActiveCfg = Release|Any CPU
		{9F81AFC7-6A5F-4F76-9433-77BFF0A5D68F}.Release|Any CPU.Build.0 = Release|Any CPU
		{7C2EAA98-E6FB-4F01-8944-FE54DFB1DAD7}.Debug|Any CPU.ActiveCfg = Debug|Any CPU
		{7C2EAA98-E6FB-4F01-8944-FE54DFB1DAD7}.Debug|Any CPU.Build.0 = Debug|Any CPU
		{7C2EAA98-E6FB-4F01-8944-FE54DFB1DAD7}.Release|Any CPU.ActiveCfg = Release|Any CPU
		{7C2EAA98-E6FB-4F01-8944-FE54DFB1DAD7}.Release|Any CPU.Build.0 = Release|Any CPU
		{620A9E95-FF7C-42E2-AB18-3433DE0A8DEC}.Debug|Any CPU.ActiveCfg = Debug|Any CPU
		{620A9E95-FF7C-42E2-AB18-3433DE0A8DEC}.Debug|Any CPU.Build.0 = Debug|Any CPU
		{620A9E95-FF7C-42E2-AB18-3433DE0A8DEC}.Release|Any CPU.ActiveCfg = Release|Any CPU
		{620A9E95-FF7C-42E2-AB18-3433DE0A8DEC}.Release|Any CPU.Build.0 = Release|Any CPU
		{F9A5E888-4AE5-4B73-B4AB-77233E0F0EE3}.Debug|Any CPU.ActiveCfg = Debug|Any CPU
		{F9A5E888-4AE5-4B73-B4AB-77233E0F0EE3}.Debug|Any CPU.Build.0 = Debug|Any CPU
		{F9A5E888-4AE5-4B73-B4AB-77233E0F0EE3}.Release|Any CPU.ActiveCfg = Release|Any CPU
		{F9A5E888-4AE5-4B73-B4AB-77233E0F0EE3}.Release|Any CPU.Build.0 = Release|Any CPU
	EndGlobalSection
	GlobalSection(SolutionProperties) = preSolution
		HideSolutionNode = FALSE
	EndGlobalSection
	GlobalSection(ExtensibilityGlobals) = postSolution
		SolutionGuid = {270208C0-2CFC-4A2C-8636-045611FCDB75}
	EndGlobalSection
EndGlobal
