
Microsoft Visual Studio Solution File, Format Version 12.00
# Visual Studio Version 17
VisualStudioVersion = 17.13.36105.23
MinimumVisualStudioVersion = 10.0.40219.1
Project("{FAE04EC0-301F-11D3-BF4B-00C04F79EFBC}") = "Electrical Substation Network", "Electrical Substation Network\Electrical Substation Network.csproj", "{700412B1-2C5C-4B70-B0E1-7C50637A8CC4}"
EndProject
Project("{FAE04EC0-301F-11D3-BF4B-00C04F79EFBC}") = "Maximum Tasks", "Maximum Tasks\Maximum Tasks.csproj", "{52391B3E-F770-4858-8972-3C8B470A5498}"
EndProject
Project("{FAE04EC0-301F-11D3-BF4B-00C04F79EFBC}") = "Bi-Connected", "Bi-Connected\Bi-Connected.csproj", "{526929C6-BA00-490E-A8EB-69F8C4389387}"
EndProject
Global
	GlobalSection(SolutionConfigurationPlatforms) = preSolution
		Debug|Any CPU = Debug|Any CPU
		Release|Any CPU = Release|Any CPU
	EndGlobalSection
	GlobalSection(ProjectConfigurationPlatforms) = postSolution
		{700412B1-2C5C-4B70-B0E1-7C50637A8CC4}.Debug|Any CPU.ActiveCfg = Debug|Any CPU
		{700412B1-2C5C-4B70-B0E1-7C50637A8CC4}.Debug|Any CPU.Build.0 = Debug|Any CPU
		{700412B1-2C5C-4B70-B0E1-7C50637A8CC4}.Release|Any CPU.ActiveCfg = Release|Any CPU
		{700412B1-2C5C-4B70-B0E1-7C50637A8CC4}.Release|Any CPU.Build.0 = Release|Any CPU
		{52391B3E-F770-4858-8972-3C8B470A5498}.Debug|Any CPU.ActiveCfg = Debug|Any CPU
		{52391B3E-F770-4858-8972-3C8B470A5498}.Debug|Any CPU.Build.0 = Debug|Any CPU
		{52391B3E-F770-4858-8972-3C8B470A5498}.Release|Any CPU.ActiveCfg = Release|Any CPU
		{52391B3E-F770-4858-8972-3C8B470A5498}.Release|Any CPU.Build.0 = Release|Any CPU
		{526929C6-BA00-490E-A8EB-69F8C4389387}.Debug|Any CPU.ActiveCfg = Debug|Any CPU
		{526929C6-BA00-490E-A8EB-69F8C4389387}.Debug|Any CPU.Build.0 = Debug|Any CPU
		{526929C6-BA00-490E-A8EB-69F8C4389387}.Release|Any CPU.ActiveCfg = Release|Any CPU
		{526929C6-BA00-490E-A8EB-69F8C4389387}.Release|Any CPU.Build.0 = Release|Any CPU
	EndGlobalSection
	GlobalSection(SolutionProperties) = preSolution
		HideSolutionNode = FALSE
	EndGlobalSection
	GlobalSection(ExtensibilityGlobals) = postSolution
		SolutionGuid = {BCFD5F4A-D149-4067-8C19-B9932D796F03}
	EndGlobalSection
EndGlobal
